# This file is automatically @generated by Cargo.
# It is not intended for manual editing.
version = 4

[[package]]
name = "auto-impl-ops"
version = "0.2.1"
source = "registry+https://github.com/rust-lang/crates.io-index"
checksum = "d207fb0594e71ec5aade80886716c6f1adc6c9b570a7feef6e173f35f4f4d4cc"
dependencies = [
 "derive-syn-parse",
 "proc-macro2",
 "quote",
 "strum",
 "syn",
 "take_mut",
]

[[package]]
name = "autocfg"
version = "1.5.0"
source = "registry+https://github.com/rust-lang/crates.io-index"
checksum = "c08606f8c3cbf4ce6ec8e28fb0014a2c086708fe954eaa885384a6165172e7e8"

[[package]]
name = "derive-syn-parse"
version = "0.1.5"
source = "registry+https://github.com/rust-lang/crates.io-index"
checksum = "e79116f119dd1dba1abf1f3405f03b9b0e79a27a3883864bfebded8a3dc768cd"
dependencies = [
 "proc-macro2",
 "quote",
 "syn",
]

[[package]]
name = "fft-dihedral"
version = "0.2.0"
source = "registry+https://github.com/rust-lang/crates.io-index"
checksum = "3f6763cd7086bc8f67426173cda062042ca6d86bdab0e8cf6da5725244e70520"
dependencies = [
 "ntt",
]

[[package]]
name = "fft-symmetric"
version = "0.2.0"
source = "registry+https://github.com/rust-lang/crates.io-index"
checksum = "e36ec2057616a55900f33d33c64d957162748af28cfc2b062b9d17cb545ee064"

[[package]]
name = "gr-ntru"
version = "0.1.0"
dependencies = [
 "fft-dihedral",
 "fft-symmetric",
]

[[package]]
name = "heck"
version = "0.4.1"
source = "registry+https://github.com/rust-lang/crates.io-index"
checksum = "95505c38b4572b2d910cecb0281560f54b440a19336cbbcb27bf6ce6adc6f5a8"

[[package]]
name = "ntt"
version = "0.1.9"
source = "registry+https://github.com/rust-lang/crates.io-index"
checksum = "dbc39fc0bc1ecd3086423a4b50b5b3cb1c13a2ef01d2c1437754f90e6f354850"
dependencies = [
 "polynomial-ring",
 "reikna",
]

[[package]]
name = "num-traits"
version = "0.2.19"
source = "registry+https://github.com/rust-lang/crates.io-index"
checksum = "071dfc062690e90b734c0b2273ce72ad0ffa95f0c74596bc250dcfd960262841"
dependencies = [
 "autocfg",
]

[[package]]
name = "polynomial-ring"
version = "0.5.1"
source = "registry+https://github.com/rust-lang/crates.io-index"
checksum = "eff6265f2682d57d24b9a114996358dcc228d54239b64c7df0a0e2174f71d84c"
dependencies = [
 "auto-impl-ops",
 "num-traits",
 "ring-algorithm",
]

[[package]]
name = "proc-macro2"
version = "1.0.106"
source = "registry+https://github.com/rust-lang/crates.io-index"
checksum = "8fd00f0bb2e90d81d1044c2b32617f68fcb9fa3bb7640c23e9c748e53fb30934"
dependencies = [
 "unicode-ident",
]

[[package]]
name = "quote"
version = "1.0.45"
source = "registry+https://github.com/rust-lang/crates.io-index"
checksum = "41f2619966050689382d2b44f664f4bc593e129785a36d6ee376ddf37259b924"
dependencies = [
 "proc-macro2",
]

[[package]]
name = "reikna"
version = "0.12.3"
source = "registry+https://github.com/rust-lang/crates.io-index"
checksum = "587f2b12c725829d56d8192817535cbfe3c4b5daf294622765cec5969d980eca"

[[package]]
name = "ring-algorithm"
version = "0.8.0"
source = "registry+https://github.com/rust-lang/crates.io-index"
checksum = "1e7a0ad57623ce306fe34b975618445cbcf998e60ab576cc11497f51a6c97f97"
dependencies = [
 "num-traits",
]

[[package]]
name = "rustversion"
version = "1.0.22"
source = "registry+https://github.com/rust-lang/crates.io-index"
checksum = "b39cdef0fa800fc44525c84ccb54a029961a8215f9619753635a9c0d2538d46d"

[[package]]
name = "strum"
version = "0.24.1"
source = "registry+https://github.com/rust-lang/crates.io-index"
checksum = "063e6045c0e62079840579a7e47a355ae92f60eb74daaf156fb1e84ba164e63f"
dependencies = [
 "strum_macros",
]

[[package]]
name = "strum_macros"
version = "0.24.3"
source = "registry+https://github.com/rust-lang/crates.io-index"
checksum = "1e385be0d24f186b4ce2f9982191e7101bb737312ad61c1f2f984f34bcf85d59"
dependencies = [
 "heck",
 "proc-macro2",
 "quote",
 "rustversion",
 "syn",
]

[[package]]
name = "syn"
version = "1.0.109"
source = "registry+https://github.com/rust-lang/crates.io-index"
checksum = "72b64191b275b66ffe2469e8af2c1cfe3bafa67b529ead792a6d0160888b4237"
dependencies = [
 "proc-macro2",
 "quote",
 "unicode-ident",
]

[[package]]
name = "take_mut"
version = "0.2.2"
source = "registry+https://github.com/rust-lang/crates.io-index"
checksum = "f764005d11ee5f36500a149ace24e00e3da98b0158b3e2d53a7495660d3f4d60"

[[package]]
name = "unicode-ident"
version = "1.0.24"
source = "registry+https://github.com/rust-lang/crates.io-index"
checksum = "e6e4313cd5fcd3dad5cafa179702e2b244f760991f45397d14d4ebf38247da75"
